<?xml version="1.0" encoding="utf-8"?>
<Project ToolsVersion="4.0" xmlns="http://schemas.microsoft.com/developer/msbuild/2003">
  <ItemGroup>
    <Filter Include="소스 파일">
      <UniqueIdentifier>{4FC737F1-C7A5-4376-A066-2A32D752A2FF}</UniqueIdentifier>
      <Extensions>cpp;c;cc;cxx;c++;cppm;ixx;def;odl;idl;hpj;bat;asm;asmx</Extensions>
    </Filter>
    <Filter Include="헤더 파일">
      <UniqueIdentifier>{93995380-89BD-4b04-88EB-625FBE52EBFB}</UniqueIdentifier>
      <Extensions>h;hh;hpp;hxx;h++;hm;inl;inc;ipp;xsd</Extensions>
    </Filter>
    <Filter Include="리소스 파일">
      <UniqueIdentifier>{67DA6AB6-F800-4c08-8B7A-83BB121AAD01}</UniqueIdentifier>
      <Extensions>rc;ico;cur;bmp;dlg;rc2;rct;bin;rgs;gif;jpg;jpeg;jpe;resx;tiff;tif;png;wav;mfcribbon-ms</Extensions>
    </Filter>
    <Filter Include="Utils">
      <UniqueIdentifier>{60b72df7-3ccf-4e41-bbcc-b32929847d82}</UniqueIdentifier>
    </Filter>
    <Filter Include="SubFrame">
      <UniqueIdentifier>{843ebbd5-d4d0-4826-885f-ad4d325df9a5}</UniqueIdentifier>
    </Filter>
    <Filter Include="Inventory">
      <UniqueIdentifier>{3ef71416-83f1-4a9e-967b-72caa18db305}</UniqueIdentifier>
    </Filter>
    <Filter Include="Company">
      <UniqueIdentifier>{ca967747-5c31-412c-bb0c-cb64891f7258}</UniqueIdentifier>
    </Filter>
    <Filter Include="Product">
      <UniqueIdentifier>{7d627e38-f14c-4602-9985-dbc29ac5f82c}</UniqueIdentifier>
    </Filter>
    <Filter Include="Client">
      <UniqueIdentifier>{357c46b0-5675-4afa-879f-0db005db159a}</UniqueIdentifier>
    </Filter>
    <Filter Include="Network">
      <UniqueIdentifier>{71a7b733-25f6-4c30-9409-c69e5814250e}</UniqueIdentifier>
    </Filter>
    <Filter Include="Network\Protocol">
      <UniqueIdentifier>{4df23a76-6d81-466a-96e7-5c9b55a5ebc5}</UniqueIdentifier>
    </Filter>
  </ItemGroup>
  <ItemGroup>
    <ClInclude Include="pch.h">
      <Filter>헤더 파일</Filter>
    </ClInclude>
    <ClInclude Include="MainFrame.h">
      <Filter>헤더 파일</Filter>
    </ClInclude>
    <ClInclude Include="WidgetTypes.h">
      <Filter>Utils</Filter>
    </ClInclude>
    <ClInclude Include="SubFrame.h">
      <Filter>SubFrame</Filter>
    </ClInclude>
    <ClInclude Include="CopyFrame.h">
      <Filter>SubFrame</Filter>
    </ClInclude>
    <ClInclude Include="WidgetParent.h">
      <Filter>SubFrame</Filter>
    </ClInclude>
    <ClInclude Include="TemplateFunc.h">
      <Filter>Utils</Filter>
    </ClInclude>
    <ClInclude Include="InventoryAdd.h">
      <Filter>Inventory</Filter>
    </ClInclude>
    <ClInclude Include="InventorySearch.h">
      <Filter>Inventory</Filter>
    </ClInclude>
    <ClInclude Include="Inventory_ClickInfo.h">
      <Filter>Inventory</Filter>
    </ClInclude>
    <ClInclude Include="CompanyInfo.h">
      <Filter>Company</Filter>
    </ClInclude>
    <ClInclude Include="CompanyInfoDetail.h">
      <Filter>Company</Filter>
    </ClInclude>
    <ClInclude Include="WidgetUtilsFunc.h">
      <Filter>Utils</Filter>
    </ClInclude>
    <ClInclude Include="DBTest.h">
      <Filter>Utils</Filter>
    </ClInclude>
    <ClInclude Include="ProductInfo.h">
      <Filter>Product</Filter>
    </ClInclude>
    <ClInclude Include="ProductAdd.h">
      <Filter>Product</Filter>
    </ClInclude>
    <ClInclude Include="ClientInfo.h">
      <Filter>Client</Filter>
    </ClInclude>
    <ClInclude Include="ClientDetailInfo.h">
      <Filter>Client</Filter>
    </ClInclude>
    <ClInclude Include="ClientSearch.h">
      <Filter>Client</Filter>
    </ClInclude>
    <ClInclude Include="ClientQuickAdd.h">
      <Filter>Client</Filter>
    </ClInclude>
    <ClInclude Include="ClientOrderInput.h">
      <Filter>Client</Filter>
    </ClInclude>
    <ClInclude Include="ClientOrderManage.h">
      <Filter>Client</Filter>
    </ClInclude>
    <ClInclude Include="ClientPacketHandler.h">
      <Filter>Network</Filter>
    </ClInclude>
    <ClInclude Include="Network\Enum.pb.h">
      <Filter>Network\Protocol</Filter>
    </ClInclude>
    <ClInclude Include="Network\Protocol.pb.h">
      <Filter>Network\Protocol</Filter>
    </ClInclude>
    <ClInclude Include="Network\Struct.pb.h">
      <Filter>Network\Protocol</Filter>
    </ClInclude>
  </ItemGroup>
  <ItemGroup>
    <ClCompile Include="pch.cpp">
      <Filter>소스 파일</Filter>
    </ClCompile>
    <ClCompile Include="main.cpp">
      <Filter>소스 파일</Filter>
    </ClCompile>
    <ClCompile Include="MainFrame.cpp">
      <Filter>소스 파일</Filter>
    </ClCompile>
    <ClCompile Include="SubFrame.cpp">
      <Filter>SubFrame</Filter>
    </ClCompile>
    <ClCompile Include="CopyFrame.cpp">
      <Filter>SubFrame</Filter>
    </ClCompile>
    <ClCompile Include="WidgetParent.cpp">
      <Filter>SubFrame</Filter>
    </ClCompile>
    <ClCompile Include="InventoryAdd.cpp">
      <Filter>Inventory</Filter>
    </ClCompile>
    <ClCompile Include="InventorySearch.cpp">
      <Filter>Inventory</Filter>
    </ClCompile>
    <ClCompile Include="Inventory_ClickInfo.cpp">
      <Filter>Inventory</Filter>
    </ClCompile>
    <ClCompile Include="CompanyInfo.cpp">
      <Filter>Company</Filter>
    </ClCompile>
    <ClCompile Include="CompanyInfoDetail.cpp">
      <Filter>Company</Filter>
    </ClCompile>
    <ClCompile Include="DBTest.cpp">
      <Filter>Utils</Filter>
    </ClCompile>
    <ClCompile Include="ProductInfo.cpp">
      <Filter>Product</Filter>
    </ClCompile>
    <ClCompile Include="ProductAdd.cpp">
      <Filter>Product</Filter>
    </ClCompile>
    <ClCompile Include="ClientInfo.cpp">
      <Filter>Client</Filter>
    </ClCompile>
    <ClCompile Include="ClientDetailInfo.cpp">
      <Filter>Client</Filter>
    </ClCompile>
    <ClCompile Include="ClientSearch.cpp">
      <Filter>Client</Filter>
    </ClCompile>
    <ClCompile Include="ClientQuickAdd.cpp">
      <Filter>Client</Filter>
    </ClCompile>
    <ClCompile Include="ClientOrderInput.cpp">
      <Filter>Client</Filter>
    </ClCompile>
    <ClCompile Include="ClientOrderManage.cpp">
      <Filter>Client</Filter>
    </ClCompile>
    <ClCompile Include="ClientPacketHandler.cpp">
      <Filter>Network</Filter>
    </ClCompile>
    <ClCompile Include="Network\Enum.pb.cc">
      <Filter>Network\Protocol</Filter>
    </ClCompile>
    <ClCompile Include="Network\Protocol.pb.cc">
      <Filter>Network\Protocol</Filter>
    </ClCompile>
    <ClCompile Include="Network\Struct.pb.cc">
      <Filter>Network\Protocol</Filter>
    </ClCompile>
  </ItemGroup>
</Project>